
Microsoft Visual Studio Solution File, Format Version 12.00
# Visual Studio 2012
Project("{FAE04EC0-301F-11D3-BF4B-00C04F79EFBC}") = "ExLayout", "ExLayout.csproj", "{9C65EB1E-0815-42E4-8837-7845BBF26EEF}"
EndProject
Global
	GlobalSection(SolutionConfigurationPlatforms) = preSolution
		Debug|Any CPU = Debug|Any CPU
		Release|Any CPU = Release|Any CPU
	EndGlobalSection
	GlobalSection(ProjectConfigurationPlatforms) = postSolution
		{9C65EB1E-0815-42E4-8837-7845BBF26EEF}.Debug|Any CPU.ActiveCfg = Debug|Any CPU
		{9C65EB1E-0815-42E4-8837-7845BBF26EEF}.Debug|Any CPU.Build.0 = Debug|Any CPU
		{9C65EB1E-0815-42E4-8837-7845BBF26EEF}.Release|Any CPU.ActiveCfg = Release|Any CPU
		{9C65EB1E-0815-42E4-8837-7845BBF26EEF}.Release|Any CPU.Build.0 = Release|Any CPU
	EndGlobalSection
	GlobalSection(SolutionProperties) = preSolution
		HideSolutionNode = FALSE
	EndGlobalSection
EndGlobal
