
Microsoft Visual Studio Solution File, Format Version 12.00
# Visual Studio 2012
Project("{FAE04EC0-301F-11D3-BF4B-00C04F79EFBC}") = "ExDataGrid", "ExDataGrid.csproj", "{C0EC55C1-2520-4195-BBE8-7F84A2B7EC33}"
EndProject
Global
	GlobalSection(SolutionConfigurationPlatforms) = preSolution
		Debug|Any CPU = Debug|Any CPU
		Release|Any CPU = Release|Any CPU
	EndGlobalSection
	GlobalSection(ProjectConfigurationPlatforms) = postSolution
		{C0EC55C1-2520-4195-BBE8-7F84A2B7EC33}.Debug|Any CPU.ActiveCfg = Debug|Any CPU
		{C0EC55C1-2520-4195-BBE8-7F84A2B7EC33}.Debug|Any CPU.Build.0 = Debug|Any CPU
		{C0EC55C1-2520-4195-BBE8-7F84A2B7EC33}.Release|Any CPU.ActiveCfg = Release|Any CPU
		{C0EC55C1-2520-4195-BBE8-7F84A2B7EC33}.Release|Any CPU.Build.0 = Release|Any CPU
	EndGlobalSection
	GlobalSection(SolutionProperties) = preSolution
		HideSolutionNode = FALSE
	EndGlobalSection
EndGlobal
